
Microsoft Visual Studio Solution File, Format Version 12.00
# Visual Studio 2013
VisualStudioVersion = 12.0.30501.0
MinimumVisualStudioVersion = 10.0.40219.1
Project("{9092AA53-FB77-4645-B42D-1CCCA6BD08BD}") = "1.LastDigitOfNum", "1.LastDigitOfNum\1.LastDigitOfNum.njsproj", "{550A783C-39EF-43F9-948B-9089FD720786}"
EndProject
Project("{9092AA53-FB77-4645-B42D-1CCCA6BD08BD}") = "2.NthDigitOfNum", "2.NthDigitOfNum\2.NthDigitOfNum.njsproj", "{6C320E15-DCB0-4F35-A911-6CDD3AD054E2}"
EndProject
Project("{9092AA53-FB77-4645-B42D-1CCCA6BD08BD}") = "4.BiggerThanNeighbors", "4.BiggerThanNeighbors\4.BiggerThanNeighbors.njsproj", "{D7457C3F-064C-42DB-B44D-15FD7606271B}"
EndProject
Project("{9092AA53-FB77-4645-B42D-1CCCA6BD08BD}") = "5.RevEveryWordInStr", "5.RevEveryWordInStr\5.RevEveryWordInStr.njsproj", "{CA0FDCCF-9781-4409-AB78-CF25C1A148E8}"
EndProject
Project("{9092AA53-FB77-4645-B42D-1CCCA6BD08BD}") = "6.CountNumOfDivs", "6.CountNumOfDivs\6.CountNumOfDivs.njsproj", "{81B547B7-B095-47D8-AB59-119F9D059382}"
EndProject
Project("{9092AA53-FB77-4645-B42D-1CCCA6BD08BD}") = "7.FindYoungestPerson", "7.FindYoungestPerson\7.FindYoungestPerson.njsproj", "{3BC93E39-BB60-43DA-BE04-AC1297E2B8AB}"
EndProject
Project("{9092AA53-FB77-4645-B42D-1CCCA6BD08BD}") = "3.NumLargestSumDigits", "3.NumLargestSumDigits\3.NumLargestSumDigits.njsproj", "{77F350AE-05A8-4B3C-9D56-F2D1A665DC6C}"
EndProject
Project("{9092AA53-FB77-4645-B42D-1CCCA6BD08BD}") = "9.ArrayPrototypeFunction", "9.ArrayPrototypeFunction\9.ArrayPrototypeFunction.njsproj", "{2D2CEB78-10DA-4A49-AA69-AAA655754729}"
EndProject
Project("{9092AA53-FB77-4645-B42D-1CCCA6BD08BD}") = "8.SumTwoHugeNums", "8.SumTwoHugeNums\8.SumTwoHugeNums.njsproj", "{01B7D974-480D-4FBD-8676-96DCFD946655}"
EndProject
Project("{9092AA53-FB77-4645-B42D-1CCCA6BD08BD}") = "10.DeepCopyObject", "10.DeepCopyObject\10.DeepCopyObject.njsproj", "{8B16B77B-9E06-4CD2-8E55-27E8983EC2EE}"
EndProject
Project("{9092AA53-FB77-4645-B42D-1CCCA6BD08BD}") = "11.GroupPersons", "11.GroupPersons\11.GroupPersons.njsproj", "{C63C48AC-37D1-4911-ABD3-AD08283E607C}"
EndProject
Global
	GlobalSection(SolutionConfigurationPlatforms) = preSolution
		Debug|Any CPU = Debug|Any CPU
		Release|Any CPU = Release|Any CPU
	EndGlobalSection
	GlobalSection(ProjectConfigurationPlatforms) = postSolution
		{550A783C-39EF-43F9-948B-9089FD720786}.Debug|Any CPU.ActiveCfg = Debug|Any CPU
		{550A783C-39EF-43F9-948B-9089FD720786}.Debug|Any CPU.Build.0 = Debug|Any CPU
		{550A783C-39EF-43F9-948B-9089FD720786}.Release|Any CPU.ActiveCfg = Release|Any CPU
		{550A783C-39EF-43F9-948B-9089FD720786}.Release|Any CPU.Build.0 = Release|Any CPU
		{6C320E15-DCB0-4F35-A911-6CDD3AD054E2}.Debug|Any CPU.ActiveCfg = Debug|Any CPU
		{6C320E15-DCB0-4F35-A911-6CDD3AD054E2}.Debug|Any CPU.Build.0 = Debug|Any CPU
		{6C320E15-DCB0-4F35-A911-6CDD3AD054E2}.Release|Any CPU.ActiveCfg = Release|Any CPU
		{6C320E15-DCB0-4F35-A911-6CDD3AD054E2}.Release|Any CPU.Build.0 = Release|Any CPU
		{D7457C3F-064C-42DB-B44D-15FD7606271B}.Debug|Any CPU.ActiveCfg = Debug|Any CPU
		{D7457C3F-064C-42DB-B44D-15FD7606271B}.Debug|Any CPU.Build.0 = Debug|Any CPU
		{D7457C3F-064C-42DB-B44D-15FD7606271B}.Release|Any CPU.ActiveCfg = Release|Any CPU
		{D7457C3F-064C-42DB-B44D-15FD7606271B}.Release|Any CPU.Build.0 = Release|Any CPU
		{CA0FDCCF-9781-4409-AB78-CF25C1A148E8}.Debug|Any CPU.ActiveCfg = Debug|Any CPU
		{CA0FDCCF-9781-4409-AB78-CF25C1A148E8}.Debug|Any CPU.Build.0 = Debug|Any CPU
		{CA0FDCCF-9781-4409-AB78-CF25C1A148E8}.Release|Any CPU.ActiveCfg = Release|Any CPU
		{CA0FDCCF-9781-4409-AB78-CF25C1A148E8}.Release|Any CPU.Build.0 = Release|Any CPU
		{81B547B7-B095-47D8-AB59-119F9D059382}.Debug|Any CPU.ActiveCfg = Debug|Any CPU
		{81B547B7-B095-47D8-AB59-119F9D059382}.Debug|Any CPU.Build.0 = Debug|Any CPU
		{81B547B7-B095-47D8-AB59-119F9D059382}.Release|Any CPU.ActiveCfg = Release|Any CPU
		{81B547B7-B095-47D8-AB59-119F9D059382}.Release|Any CPU.Build.0 = Release|Any CPU
		{3BC93E39-BB60-43DA-BE04-AC1297E2B8AB}.Debug|Any CPU.ActiveCfg = Debug|Any CPU
		{3BC93E39-BB60-43DA-BE04-AC1297E2B8AB}.Debug|Any CPU.Build.0 = Debug|Any CPU
		{3BC93E39-BB60-43DA-BE04-AC1297E2B8AB}.Release|Any CPU.ActiveCfg = Release|Any CPU
		{3BC93E39-BB60-43DA-BE04-AC1297E2B8AB}.Release|Any CPU.Build.0 = Release|Any CPU
		{77F350AE-05A8-4B3C-9D56-F2D1A665DC6C}.Debug|Any CPU.ActiveCfg = Debug|Any CPU
		{77F350AE-05A8-4B3C-9D56-F2D1A665DC6C}.Debug|Any CPU.Build.0 = Debug|Any CPU
		{77F350AE-05A8-4B3C-9D56-F2D1A665DC6C}.Release|Any CPU.ActiveCfg = Release|Any CPU
		{77F350AE-05A8-4B3C-9D56-F2D1A665DC6C}.Release|Any CPU.Build.0 = Release|Any CPU
		{2D2CEB78-10DA-4A49-AA69-AAA655754729}.Debug|Any CPU.ActiveCfg = Debug|Any CPU
		{2D2CEB78-10DA-4A49-AA69-AAA655754729}.Debug|Any CPU.Build.0 = Debug|Any CPU
		{2D2CEB78-10DA-4A49-AA69-AAA655754729}.Release|Any CPU.ActiveCfg = Release|Any CPU
		{2D2CEB78-10DA-4A49-AA69-AAA655754729}.Release|Any CPU.Build.0 = Release|Any CPU
		{01B7D974-480D-4FBD-8676-96DCFD946655}.Debug|Any CPU.ActiveCfg = Debug|Any CPU
		{01B7D974-480D-4FBD-8676-96DCFD946655}.Debug|Any CPU.Build.0 = Debug|Any CPU
		{01B7D974-480D-4FBD-8676-96DCFD946655}.Release|Any CPU.ActiveCfg = Release|Any CPU
		{01B7D974-480D-4FBD-8676-96DCFD946655}.Release|Any CPU.Build.0 = Release|Any CPU
		{8B16B77B-9E06-4CD2-8E55-27E8983EC2EE}.Debug|Any CPU.ActiveCfg = Debug|Any CPU
		{8B16B77B-9E06-4CD2-8E55-27E8983EC2EE}.Debug|Any CPU.Build.0 = Debug|Any CPU
		{8B16B77B-9E06-4CD2-8E55-27E8983EC2EE}.Release|Any CPU.ActiveCfg = Release|Any CPU
		{8B16B77B-9E06-4CD2-8E55-27E8983EC2EE}.Release|Any CPU.Build.0 = Release|Any CPU
		{C63C48AC-37D1-4911-ABD3-AD08283E607C}.Debug|Any CPU.ActiveCfg = Debug|Any CPU
		{C63C48AC-37D1-4911-ABD3-AD08283E607C}.Debug|Any CPU.Build.0 = Debug|Any CPU
		{C63C48AC-37D1-4911-ABD3-AD08283E607C}.Release|Any CPU.ActiveCfg = Release|Any CPU
		{C63C48AC-37D1-4911-ABD3-AD08283E607C}.Release|Any CPU.Build.0 = Release|Any CPU
	EndGlobalSection
	GlobalSection(SolutionProperties) = preSolution
		HideSolutionNode = FALSE
	EndGlobalSection
EndGlobal
