
Microsoft Visual Studio Solution File, Format Version 12.00
# Visual Studio 2013
VisualStudioVersion = 12.0.30501.0
MinimumVisualStudioVersion = 10.0.40219.1
Project("{9092AA53-FB77-4645-B42D-1CCCA6BD08BD}") = "hometown", "hometown\hometown.njsproj", "{36365D12-A828-437F-A6D0-A11A4CA120CB}"
EndProject
Project("{9092AA53-FB77-4645-B42D-1CCCA6BD08BD}") = "numbers1to10", "numbers1to10\numbers1to10.njsproj", "{10057686-CEF7-40BF-9543-43099C5F01FE}"
EndProject
Project("{9092AA53-FB77-4645-B42D-1CCCA6BD08BD}") = "CurrentTime", "CurrentTime\CurrentTime.njsproj", "{24590849-CB9E-4B88-8251-62706B3B2429}"
EndProject
Project("{9092AA53-FB77-4645-B42D-1CCCA6BD08BD}") = "CircleArea", "CircleArea\CircleArea.njsproj", "{5D10B193-928C-4CB8-9DF2-70A08DCF6DD0}"
EndProject
Project("{9092AA53-FB77-4645-B42D-1CCCA6BD08BD}") = "DecimalToHexidecimal", "DecimalToHexidecimal\DecimalToHexidecimal.njsproj", "{088C979F-73CA-4F79-A053-EB12C02DDBD7}"
EndProject
Project("{FAE04EC0-301F-11D3-BF4B-00C04F79EFBC}") = "Tic-Tac-Toe", "Tic-Tac-Toe\Tic-Tac-Toe.csproj", "{59DB5169-B27A-46B0-AA87-111979793310}"
EndProject
Project("{FAE04EC0-301F-11D3-BF4B-00C04F79EFBC}") = "Falling-rocks", "Falling-rocks\Falling-rocks.csproj", "{26A456A5-CCCC-4C89-B32A-52F3F84EC9C3}"
EndProject
Global
	GlobalSection(SolutionConfigurationPlatforms) = preSolution
		Debug|Any CPU = Debug|Any CPU
		Release|Any CPU = Release|Any CPU
	EndGlobalSection
	GlobalSection(ProjectConfigurationPlatforms) = postSolution
		{36365D12-A828-437F-A6D0-A11A4CA120CB}.Debug|Any CPU.ActiveCfg = Debug|Any CPU
		{36365D12-A828-437F-A6D0-A11A4CA120CB}.Debug|Any CPU.Build.0 = Debug|Any CPU
		{36365D12-A828-437F-A6D0-A11A4CA120CB}.Release|Any CPU.ActiveCfg = Release|Any CPU
		{36365D12-A828-437F-A6D0-A11A4CA120CB}.Release|Any CPU.Build.0 = Release|Any CPU
		{10057686-CEF7-40BF-9543-43099C5F01FE}.Debug|Any CPU.ActiveCfg = Debug|Any CPU
		{10057686-CEF7-40BF-9543-43099C5F01FE}.Debug|Any CPU.Build.0 = Debug|Any CPU
		{10057686-CEF7-40BF-9543-43099C5F01FE}.Release|Any CPU.ActiveCfg = Release|Any CPU
		{10057686-CEF7-40BF-9543-43099C5F01FE}.Release|Any CPU.Build.0 = Release|Any CPU
		{24590849-CB9E-4B88-8251-62706B3B2429}.Debug|Any CPU.ActiveCfg = Debug|Any CPU
		{24590849-CB9E-4B88-8251-62706B3B2429}.Debug|Any CPU.Build.0 = Debug|Any CPU
		{24590849-CB9E-4B88-8251-62706B3B2429}.Release|Any CPU.ActiveCfg = Release|Any CPU
		{24590849-CB9E-4B88-8251-62706B3B2429}.Release|Any CPU.Build.0 = Release|Any CPU
		{5D10B193-928C-4CB8-9DF2-70A08DCF6DD0}.Debug|Any CPU.ActiveCfg = Debug|Any CPU
		{5D10B193-928C-4CB8-9DF2-70A08DCF6DD0}.Debug|Any CPU.Build.0 = Debug|Any CPU
		{5D10B193-928C-4CB8-9DF2-70A08DCF6DD0}.Release|Any CPU.ActiveCfg = Release|Any CPU
		{5D10B193-928C-4CB8-9DF2-70A08DCF6DD0}.Release|Any CPU.Build.0 = Release|Any CPU
		{088C979F-73CA-4F79-A053-EB12C02DDBD7}.Debug|Any CPU.ActiveCfg = Debug|Any CPU
		{088C979F-73CA-4F79-A053-EB12C02DDBD7}.Debug|Any CPU.Build.0 = Debug|Any CPU
		{088C979F-73CA-4F79-A053-EB12C02DDBD7}.Release|Any CPU.ActiveCfg = Release|Any CPU
		{088C979F-73CA-4F79-A053-EB12C02DDBD7}.Release|Any CPU.Build.0 = Release|Any CPU
		{59DB5169-B27A-46B0-AA87-111979793310}.Debug|Any CPU.ActiveCfg = Debug|Any CPU
		{59DB5169-B27A-46B0-AA87-111979793310}.Debug|Any CPU.Build.0 = Debug|Any CPU
		{59DB5169-B27A-46B0-AA87-111979793310}.Release|Any CPU.ActiveCfg = Release|Any CPU
		{59DB5169-B27A-46B0-AA87-111979793310}.Release|Any CPU.Build.0 = Release|Any CPU
		{26A456A5-CCCC-4C89-B32A-52F3F84EC9C3}.Debug|Any CPU.ActiveCfg = Debug|Any CPU
		{26A456A5-CCCC-4C89-B32A-52F3F84EC9C3}.Debug|Any CPU.Build.0 = Debug|Any CPU
		{26A456A5-CCCC-4C89-B32A-52F3F84EC9C3}.Release|Any CPU.ActiveCfg = Release|Any CPU
		{26A456A5-CCCC-4C89-B32A-52F3F84EC9C3}.Release|Any CPU.Build.0 = Release|Any CPU
	EndGlobalSection
	GlobalSection(SolutionProperties) = preSolution
		HideSolutionNode = FALSE
	EndGlobalSection
EndGlobal
